{
  "name": "dev",
  "version": "1.0.0",
  "lockfileVersion": 1,
  "requires": true,
  "dependencies": {
    "word-check": {
      "version": "1.0.2",
      "resolved": "https://registry.npmjs.org/word-check/-/word-check-1.0.2.tgz",
      "integrity": "sha1-5lw7/2xp/XUwRR/WXv79wZVP9q8="
    }
  }
}
